
Microsoft Visual Studio Solution File, Format Version 12.00
# Visual Studio Version 17
VisualStudioVersion = 17.7.34003.232
MinimumVisualStudioVersion = 10.0.40219.1
Project("{FAE04EC0-301F-11D3-BF4B-00C04F79EFBC}") = "Final_Project", "Final_Project\Final_Project.csproj", "{1DC2410C-AEB4-41F9-8102-576DF61E20E8}"
EndProject
Global
	GlobalSection(SolutionConfigurationPlatforms) = preSolution
		Debug|Any CPU = Debug|Any CPU
		Release|Any CPU = Release|Any CPU
	EndGlobalSection
	GlobalSection(ProjectConfigurationPlatforms) = postSolution
		{1DC2410C-AEB4-41F9-8102-576DF61E20E8}.Debug|Any CPU.ActiveCfg = Debug|Any CPU
		{1DC2410C-AEB4-41F9-8102-576DF61E20E8}.Debug|Any CPU.Build.0 = Debug|Any CPU
		{1DC2410C-AEB4-41F9-8102-576DF61E20E8}.Release|Any CPU.ActiveCfg = Release|Any CPU
		{1DC2410C-AEB4-41F9-8102-576DF61E20E8}.Release|Any CPU.Build.0 = Release|Any CPU
	EndGlobalSection
	GlobalSection(SolutionProperties) = preSolution
		HideSolutionNode = FALSE
	EndGlobalSection
	GlobalSection(ExtensibilityGlobals) = postSolution
		SolutionGuid = {3C5395E0-DE26-46F8-968A-8586E1CD19DA}
	EndGlobalSection
EndGlobal
